
Microsoft Visual Studio Solution File, Format Version 11.00
# Visual Studio 2010
Project("{2150E333-8FDC-42A3-9474-1A3956D46DE8}") = "Core", "Core", "{2E975E83-39FF-4F27-A874-5E10AD9FC1F9}"
EndProject
Project("{FAE04EC0-301F-11D3-BF4B-00C04F79EFBC}") = "Services", "Core\Services\Services.csproj", "{80EDEC1B-C6D9-4443-B7AA-8E500F668353}"
EndProject
Project("{FAE04EC0-301F-11D3-BF4B-00C04F79EFBC}") = "Model", "Core\Model\Model.csproj", "{3C50786E-79D9-458E-8ECB-E634436594DA}"
EndProject
Project("{2150E333-8FDC-42A3-9474-1A3956D46DE8}") = "Tests", "Tests", "{82AFEFAB-4109-474A-A114-66AF8505F564}"
EndProject
Project("{FAE04EC0-301F-11D3-BF4B-00C04F79EFBC}") = "UnitTests", "Tests\UnitTests\UnitTests.csproj", "{76DEE875-9464-4B94-A1D3-1D2521797D98}"
EndProject
Project("{FAE04EC0-301F-11D3-BF4B-00C04F79EFBC}") = "Analyzers", "Core\Analyzers\Analyzers.csproj", "{D643ECF1-C831-4E4F-800D-7E090171D573}"
EndProject
Project("{2150E333-8FDC-42A3-9474-1A3956D46DE8}") = "Common", "Common", "{EAD4198A-361F-452E-8DD5-3535F2D0174E}"
	ProjectSection(SolutionItems) = preProject
		Common\AssemblyInfo.cs = Common\AssemblyInfo.cs
		Common\Insight-PubPriv-KeyFile.snk = Common\Insight-PubPriv-KeyFile.snk
		Common\License.txt = Common\License.txt
	EndProjectSection
EndProject
Project("{2150E333-8FDC-42A3-9474-1A3956D46DE8}") = "References", "References", "{6B3CEDF7-7692-489D-A1AA-6EB36CA896F6}"
EndProject
Project("{2150E333-8FDC-42A3-9474-1A3956D46DE8}") = "NUnit", "NUnit", "{42AE5D87-DEC3-4E1A-A4ED-329ED5DD842B}"
	ProjectSection(SolutionItems) = preProject
		References\NUnit\nunit.framework.dll = References\NUnit\nunit.framework.dll
	EndProjectSection
EndProject
Project("{FAE04EC0-301F-11D3-BF4B-00C04F79EFBC}") = "Framework", "Core\Framework\Framework.csproj", "{650F7411-FC66-422B-89AF-3AB86D3CEA63}"
EndProject
Project("{2150E333-8FDC-42A3-9474-1A3956D46DE8}") = "StructureMap", "StructureMap", "{27A17028-1A46-43E9-B22B-A34BE3DACC4C}"
	ProjectSection(SolutionItems) = preProject
		References\StructureMap\StructureMap.dll = References\StructureMap\StructureMap.dll
	EndProjectSection
EndProject
Project("{2150E333-8FDC-42A3-9474-1A3956D46DE8}") = "Applications", "Applications", "{461CF205-768C-424E-9A61-EAB5A167BA4F}"
EndProject
Project("{FAE04EC0-301F-11D3-BF4B-00C04F79EFBC}") = "InsightWpf", "Applications\InsightWpf\InsightWpf.csproj", "{A45594DC-58E4-45A4-8E3A-270B6AB9BF17}"
EndProject
Project("{2150E333-8FDC-42A3-9474-1A3956D46DE8}") = "Odyssey", "Odyssey", "{CFA74F34-1662-44D6-80D2-75B09B1D8B02}"
	ProjectSection(SolutionItems) = preProject
		References\Odyssey\Odyssey.dll = References\Odyssey\Odyssey.dll
	EndProjectSection
EndProject
Project("{2150E333-8FDC-42A3-9474-1A3956D46DE8}") = "WPF Toolkit", "WPF Toolkit", "{8C77809B-F2F0-4705-9231-F9A6D8B32F4C}"
	ProjectSection(SolutionItems) = preProject
		References\WPF Toolkit\System.Windows.Controls.DataVisualization.Toolkit.Design.4.0.dll = References\WPF Toolkit\System.Windows.Controls.DataVisualization.Toolkit.Design.4.0.dll
		References\WPF Toolkit\System.Windows.Controls.DataVisualization.Toolkit.Design.4.0.pdb = References\WPF Toolkit\System.Windows.Controls.DataVisualization.Toolkit.Design.4.0.pdb
		References\WPF Toolkit\System.Windows.Controls.DataVisualization.Toolkit.dll = References\WPF Toolkit\System.Windows.Controls.DataVisualization.Toolkit.dll
		References\WPF Toolkit\System.Windows.Controls.DataVisualization.Toolkit.Expression.Design.dll = References\WPF Toolkit\System.Windows.Controls.DataVisualization.Toolkit.Expression.Design.dll
		References\WPF Toolkit\System.Windows.Controls.DataVisualization.Toolkit.Expression.Design.pdb = References\WPF Toolkit\System.Windows.Controls.DataVisualization.Toolkit.Expression.Design.pdb
		References\WPF Toolkit\System.Windows.Controls.DataVisualization.Toolkit.pdb = References\WPF Toolkit\System.Windows.Controls.DataVisualization.Toolkit.pdb
		References\WPF Toolkit\System.Windows.Controls.DataVisualization.Toolkit.VisualStudio.Design.dll = References\WPF Toolkit\System.Windows.Controls.DataVisualization.Toolkit.VisualStudio.Design.dll
		References\WPF Toolkit\System.Windows.Controls.DataVisualization.Toolkit.VisualStudio.Design.pdb = References\WPF Toolkit\System.Windows.Controls.DataVisualization.Toolkit.VisualStudio.Design.pdb
		References\WPF Toolkit\System.Windows.Controls.Input.Toolkit.Design.dll = References\WPF Toolkit\System.Windows.Controls.Input.Toolkit.Design.dll
		References\WPF Toolkit\System.Windows.Controls.Input.Toolkit.Design.pdb = References\WPF Toolkit\System.Windows.Controls.Input.Toolkit.Design.pdb
		References\WPF Toolkit\System.Windows.Controls.Input.Toolkit.dll = References\WPF Toolkit\System.Windows.Controls.Input.Toolkit.dll
		References\WPF Toolkit\System.Windows.Controls.Input.Toolkit.pdb = References\WPF Toolkit\System.Windows.Controls.Input.Toolkit.pdb
		References\WPF Toolkit\System.Windows.Controls.Input.Toolkit.VisualStudio.Design.dll = References\WPF Toolkit\System.Windows.Controls.Input.Toolkit.VisualStudio.Design.dll
		References\WPF Toolkit\System.Windows.Controls.Input.Toolkit.VisualStudio.Design.pdb = References\WPF Toolkit\System.Windows.Controls.Input.Toolkit.VisualStudio.Design.pdb
		References\WPF Toolkit\System.Windows.Controls.Layout.Toolkit.Design.dll = References\WPF Toolkit\System.Windows.Controls.Layout.Toolkit.Design.dll
		References\WPF Toolkit\System.Windows.Controls.Layout.Toolkit.Design.pdb = References\WPF Toolkit\System.Windows.Controls.Layout.Toolkit.Design.pdb
		References\WPF Toolkit\System.Windows.Controls.Layout.Toolkit.dll = References\WPF Toolkit\System.Windows.Controls.Layout.Toolkit.dll
		References\WPF Toolkit\System.Windows.Controls.Layout.Toolkit.pdb = References\WPF Toolkit\System.Windows.Controls.Layout.Toolkit.pdb
		References\WPF Toolkit\System.Windows.Controls.Layout.Toolkit.VisualStudio.Design.dll = References\WPF Toolkit\System.Windows.Controls.Layout.Toolkit.VisualStudio.Design.dll
		References\WPF Toolkit\System.Windows.Controls.Layout.Toolkit.VisualStudio.Design.pdb = References\WPF Toolkit\System.Windows.Controls.Layout.Toolkit.VisualStudio.Design.pdb
		References\WPF Toolkit\WPFToolkit.Design.dll = References\WPF Toolkit\WPFToolkit.Design.dll
		References\WPF Toolkit\WPFToolkit.Design.pdb = References\WPF Toolkit\WPFToolkit.Design.pdb
		References\WPF Toolkit\WPFToolkit.dll = References\WPF Toolkit\WPFToolkit.dll
		References\WPF Toolkit\WPFToolkit.pdb = References\WPF Toolkit\WPFToolkit.pdb
		References\WPF Toolkit\WPFToolkit.VisualStudio.Design.dll = References\WPF Toolkit\WPFToolkit.VisualStudio.Design.dll
		References\WPF Toolkit\WPFToolkit.VisualStudio.Design.pdb = References\WPF Toolkit\WPFToolkit.VisualStudio.Design.pdb
	EndProjectSection
EndProject
Project("{FAE04EC0-301F-11D3-BF4B-00C04F79EFBC}") = "TestHarness", "Tests\TestHarness\TestHarness.csproj", "{C70ED0CC-959B-446D-B365-6841FED12C61}"
EndProject
Project("{2150E333-8FDC-42A3-9474-1A3956D46DE8}") = "Solution Items", "Solution Items", "{6E2CAC0C-3844-451C-B503-ADE4240711D1}"
EndProject
Project("{2150E333-8FDC-42A3-9474-1A3956D46DE8}") = "Build", "Build", "{77EF785B-C026-483D-B315-8D9F0EF76017}"
	ProjectSection(SolutionItems) = preProject
		Build\Build.Insight.Release.bat = Build\Build.Insight.Release.bat
		Build\Insight-ReleaseBuild.build = Build\Insight-ReleaseBuild.build
	EndProjectSection
EndProject
Project("{2150E333-8FDC-42A3-9474-1A3956D46DE8}") = "Tools", "Tools", "{DE6C5B87-251B-438E-875C-91AA11395B0F}"
EndProject
Project("{2150E333-8FDC-42A3-9474-1A3956D46DE8}") = "VNManager", "VNManager", "{6D04A8EE-1AD9-46AE-9E1D-D4728F9F2DFB}"
	ProjectSection(SolutionItems) = preProject
		Build\Tools\VNManager\VNManager.exe = Build\Tools\VNManager\VNManager.exe
	EndProjectSection
EndProject
Project("{2150E333-8FDC-42A3-9474-1A3956D46DE8}") = "NAnt", "NAnt", "{EBD384E6-A9F3-46D5-A36C-52C559A7EE52}"
	ProjectSection(SolutionItems) = preProject
		Build\Tools\NAnt\log4net.dll = Build\Tools\NAnt\log4net.dll
		Build\Tools\NAnt\NAnt.CompressionTasks.dll = Build\Tools\NAnt\NAnt.CompressionTasks.dll
		Build\Tools\NAnt\NAnt.CompressionTasks.xml = Build\Tools\NAnt\NAnt.CompressionTasks.xml
		Build\Tools\NAnt\NAnt.Core.dll = Build\Tools\NAnt\NAnt.Core.dll
		Build\Tools\NAnt\NAnt.Core.xml = Build\Tools\NAnt\NAnt.Core.xml
		Build\Tools\NAnt\NAnt.DotNetTasks.dll = Build\Tools\NAnt\NAnt.DotNetTasks.dll
		Build\Tools\NAnt\NAnt.DotNetTasks.xml = Build\Tools\NAnt\NAnt.DotNetTasks.xml
		Build\Tools\NAnt\NAnt.exe = Build\Tools\NAnt\NAnt.exe
		Build\Tools\NAnt\NAnt.exe.config = Build\Tools\NAnt\NAnt.exe.config
		Build\Tools\NAnt\NAnt.MSNetTasks.dll = Build\Tools\NAnt\NAnt.MSNetTasks.dll
		Build\Tools\NAnt\NAnt.MSNetTasks.xml = Build\Tools\NAnt\NAnt.MSNetTasks.xml
		Build\Tools\NAnt\NAnt.NUnit.dll = Build\Tools\NAnt\NAnt.NUnit.dll
		Build\Tools\NAnt\NAnt.NUnit.xml = Build\Tools\NAnt\NAnt.NUnit.xml
		Build\Tools\NAnt\NAnt.NUnit1Tasks.dll = Build\Tools\NAnt\NAnt.NUnit1Tasks.dll
		Build\Tools\NAnt\NAnt.NUnit1Tasks.xml = Build\Tools\NAnt\NAnt.NUnit1Tasks.xml
		Build\Tools\NAnt\NAnt.NUnit2Tasks.dll = Build\Tools\NAnt\NAnt.NUnit2Tasks.dll
		Build\Tools\NAnt\NAnt.NUnit2Tasks.xml = Build\Tools\NAnt\NAnt.NUnit2Tasks.xml
		Build\Tools\NAnt\NAnt.SourceControlTasks.dll = Build\Tools\NAnt\NAnt.SourceControlTasks.dll
		Build\Tools\NAnt\NAnt.SourceControlTasks.xml = Build\Tools\NAnt\NAnt.SourceControlTasks.xml
		Build\Tools\NAnt\NAnt.VisualCppTasks.dll = Build\Tools\NAnt\NAnt.VisualCppTasks.dll
		Build\Tools\NAnt\NAnt.VisualCppTasks.xml = Build\Tools\NAnt\NAnt.VisualCppTasks.xml
		Build\Tools\NAnt\NAnt.VSNetTasks.dll = Build\Tools\NAnt\NAnt.VSNetTasks.dll
		Build\Tools\NAnt\NAnt.VSNetTasks.xml = Build\Tools\NAnt\NAnt.VSNetTasks.xml
		Build\Tools\NAnt\NAnt.Win32Tasks.dll = Build\Tools\NAnt\NAnt.Win32Tasks.dll
		Build\Tools\NAnt\NAnt.Win32Tasks.xml = Build\Tools\NAnt\NAnt.Win32Tasks.xml
		Build\Tools\NAnt\NAnt.xml = Build\Tools\NAnt\NAnt.xml
		Build\Tools\NAnt\NDoc.Documenter.NAnt.dll = Build\Tools\NAnt\NDoc.Documenter.NAnt.dll
		Build\Tools\NAnt\scvs.exe = Build\Tools\NAnt\scvs.exe
	EndProjectSection
EndProject
Project("{2150E333-8FDC-42A3-9474-1A3956D46DE8}") = "extensions", "extensions", "{126C003C-6B8D-4852-9808-7FC7ED66E887}"
EndProject
Project("{2150E333-8FDC-42A3-9474-1A3956D46DE8}") = "common", "common", "{D5E4D94F-FC97-4615-A730-2E4B0CE194CA}"
EndProject
Project("{2150E333-8FDC-42A3-9474-1A3956D46DE8}") = "2.0", "2.0", "{15F191EC-5DF6-492A-9CF5-45ED23CFD3A5}"
	ProjectSection(SolutionItems) = preProject
		Build\Tools\NAnt\extensions\common\2.0\NAnt.MSBuild.dll = Build\Tools\NAnt\extensions\common\2.0\NAnt.MSBuild.dll
		Build\Tools\NAnt\extensions\common\2.0\NAnt.MSBuild.xml = Build\Tools\NAnt\extensions\common\2.0\NAnt.MSBuild.xml
	EndProjectSection
EndProject
Project("{2150E333-8FDC-42A3-9474-1A3956D46DE8}") = "lib", "lib", "{3D4D045F-ECC7-4D1C-8947-1BEB412FC490}"
EndProject
Project("{2150E333-8FDC-42A3-9474-1A3956D46DE8}") = "net", "net", "{AC667065-2D4B-46C8-9016-D2B56C5C98C7}"
EndProject
Project("{2150E333-8FDC-42A3-9474-1A3956D46DE8}") = "1.0", "1.0", "{CA166735-E457-478A-871D-CD48965CFECF}"
	ProjectSection(SolutionItems) = preProject
		Build\Tools\NAnt\lib\net\1.0\nunit-console-runner.dll = Build\Tools\NAnt\lib\net\1.0\nunit-console-runner.dll
		Build\Tools\NAnt\lib\net\1.0\nunit-console.exe = Build\Tools\NAnt\lib\net\1.0\nunit-console.exe
		Build\Tools\NAnt\lib\net\1.0\nunit.core.dll = Build\Tools\NAnt\lib\net\1.0\nunit.core.dll
		Build\Tools\NAnt\lib\net\1.0\nunit.framework.dll = Build\Tools\NAnt\lib\net\1.0\nunit.framework.dll
		Build\Tools\NAnt\lib\net\1.0\nunit.util.dll = Build\Tools\NAnt\lib\net\1.0\nunit.util.dll
	EndProjectSection
EndProject
Project("{2150E333-8FDC-42A3-9474-1A3956D46DE8}") = "common", "common", "{19CE42F7-B606-4E7F-9244-B02503EC2EC2}"
EndProject
Project("{2150E333-8FDC-42A3-9474-1A3956D46DE8}") = "1.1", "1.1", "{4185BBFC-CEC4-4863-8079-DA194663F41C}"
	ProjectSection(SolutionItems) = preProject
		Build\Tools\NAnt\lib\common\1.1\nunit-console-runner.dll = Build\Tools\NAnt\lib\common\1.1\nunit-console-runner.dll
		Build\Tools\NAnt\lib\common\1.1\nunit-console.exe = Build\Tools\NAnt\lib\common\1.1\nunit-console.exe
		Build\Tools\NAnt\lib\common\1.1\nunit.core.dll = Build\Tools\NAnt\lib\common\1.1\nunit.core.dll
		Build\Tools\NAnt\lib\common\1.1\nunit.framework.dll = Build\Tools\NAnt\lib\common\1.1\nunit.framework.dll
		Build\Tools\NAnt\lib\common\1.1\nunit.util.dll = Build\Tools\NAnt\lib\common\1.1\nunit.util.dll
	EndProjectSection
EndProject
Project("{2150E333-8FDC-42A3-9474-1A3956D46DE8}") = "2.0", "2.0", "{82E2626E-1969-49E7-93DA-9B8DF0DBEF65}"
	ProjectSection(SolutionItems) = preProject
		Build\Tools\NAnt\lib\common\2.0\nunit-console-runner.dll = Build\Tools\NAnt\lib\common\2.0\nunit-console-runner.dll
		Build\Tools\NAnt\lib\common\2.0\nunit-console.exe = Build\Tools\NAnt\lib\common\2.0\nunit-console.exe
		Build\Tools\NAnt\lib\common\2.0\nunit.core.dll = Build\Tools\NAnt\lib\common\2.0\nunit.core.dll
		Build\Tools\NAnt\lib\common\2.0\nunit.framework.dll = Build\Tools\NAnt\lib\common\2.0\nunit.framework.dll
		Build\Tools\NAnt\lib\common\2.0\nunit.util.dll = Build\Tools\NAnt\lib\common\2.0\nunit.util.dll
	EndProjectSection
EndProject
Project("{2150E333-8FDC-42A3-9474-1A3956D46DE8}") = "neutral", "neutral", "{FB91623B-9E64-432D-BAEF-78A4C4DEA85D}"
	ProjectSection(SolutionItems) = preProject
		Build\Tools\NAnt\lib\common\neutral\ICSharpCode.SharpCvsLib.Console.dll = Build\Tools\NAnt\lib\common\neutral\ICSharpCode.SharpCvsLib.Console.dll
		Build\Tools\NAnt\lib\common\neutral\ICSharpCode.SharpCvsLib.dll = Build\Tools\NAnt\lib\common\neutral\ICSharpCode.SharpCvsLib.dll
		Build\Tools\NAnt\lib\common\neutral\ICSharpCode.SharpZipLib.dll = Build\Tools\NAnt\lib\common\neutral\ICSharpCode.SharpZipLib.dll
		Build\Tools\NAnt\lib\common\neutral\NDoc.Core.dll = Build\Tools\NAnt\lib\common\neutral\NDoc.Core.dll
		Build\Tools\NAnt\lib\common\neutral\NDoc.Documenter.Msdn.dll = Build\Tools\NAnt\lib\common\neutral\NDoc.Documenter.Msdn.dll
		Build\Tools\NAnt\lib\common\neutral\NDoc.ExtendedUI.dll = Build\Tools\NAnt\lib\common\neutral\NDoc.ExtendedUI.dll
		Build\Tools\NAnt\lib\common\neutral\NUnitCore.dll = Build\Tools\NAnt\lib\common\neutral\NUnitCore.dll
	EndProjectSection
EndProject
Project("{2150E333-8FDC-42A3-9474-1A3956D46DE8}") = "Other", "Other", "{2AE5084A-A202-470A-9E6E-77D8F1BD6CC2}"
EndProject
Project("{F088123C-0E9E-452A-89E6-6BA2F21D5CAC}") = "InsightModeling", "Other\InsightModeling\InsightModeling.modelproj", "{755D1DE0-C154-45C4-893D-08E6862855E0}"
EndProject
Project("{2150E333-8FDC-42A3-9474-1A3956D46DE8}") = "WPF Themes", "WPF Themes", "{B973DC50-8262-4D0F-B7A6-48A23957DE6E}"
EndProject
Project("{2150E333-8FDC-42A3-9474-1A3956D46DE8}") = "Images", "Images", "{A55E546B-61F8-47B5-9185-BC354FEFD2B1}"
EndProject
Project("{2150E333-8FDC-42A3-9474-1A3956D46DE8}") = "Repositories", "Repositories", "{43B5DB85-36C8-4BB5-80C2-242DF866FA9B}"
EndProject
Project("{FAE04EC0-301F-11D3-BF4B-00C04F79EFBC}") = "ProjectDataRepository", "Repositories\ProjectDataRepository\ProjectDataRepository.csproj", "{6850A196-3CC3-4FC0-9740-A1EB5EEEF572}"
EndProject
Global
	GlobalSection(SolutionConfigurationPlatforms) = preSolution
		Debug|Any CPU = Debug|Any CPU
		Debug|Mixed Platforms = Debug|Mixed Platforms
		Debug|x86 = Debug|x86
		Release|Any CPU = Release|Any CPU
		Release|Mixed Platforms = Release|Mixed Platforms
		Release|x86 = Release|x86
	EndGlobalSection
	GlobalSection(ProjectConfigurationPlatforms) = postSolution
		{80EDEC1B-C6D9-4443-B7AA-8E500F668353}.Debug|Any CPU.ActiveCfg = Debug|Any CPU
		{80EDEC1B-C6D9-4443-B7AA-8E500F668353}.Debug|Any CPU.Build.0 = Debug|Any CPU
		{80EDEC1B-C6D9-4443-B7AA-8E500F668353}.Debug|Mixed Platforms.ActiveCfg = Debug|Any CPU
		{80EDEC1B-C6D9-4443-B7AA-8E500F668353}.Debug|Mixed Platforms.Build.0 = Debug|Any CPU
		{80EDEC1B-C6D9-4443-B7AA-8E500F668353}.Debug|x86.ActiveCfg = Debug|Any CPU
		{80EDEC1B-C6D9-4443-B7AA-8E500F668353}.Release|Any CPU.ActiveCfg = Release|Any CPU
		{80EDEC1B-C6D9-4443-B7AA-8E500F668353}.Release|Any CPU.Build.0 = Release|Any CPU
		{80EDEC1B-C6D9-4443-B7AA-8E500F668353}.Release|Mixed Platforms.ActiveCfg = Release|Any CPU
		{80EDEC1B-C6D9-4443-B7AA-8E500F668353}.Release|Mixed Platforms.Build.0 = Release|Any CPU
		{80EDEC1B-C6D9-4443-B7AA-8E500F668353}.Release|x86.ActiveCfg = Release|Any CPU
		{3C50786E-79D9-458E-8ECB-E634436594DA}.Debug|Any CPU.ActiveCfg = Debug|Any CPU
		{3C50786E-79D9-458E-8ECB-E634436594DA}.Debug|Any CPU.Build.0 = Debug|Any CPU
		{3C50786E-79D9-458E-8ECB-E634436594DA}.Debug|Mixed Platforms.ActiveCfg = Debug|Any CPU
		{3C50786E-79D9-458E-8ECB-E634436594DA}.Debug|Mixed Platforms.Build.0 = Debug|Any CPU
		{3C50786E-79D9-458E-8ECB-E634436594DA}.Debug|x86.ActiveCfg = Debug|Any CPU
		{3C50786E-79D9-458E-8ECB-E634436594DA}.Release|Any CPU.ActiveCfg = Release|Any CPU
		{3C50786E-79D9-458E-8ECB-E634436594DA}.Release|Any CPU.Build.0 = Release|Any CPU
		{3C50786E-79D9-458E-8ECB-E634436594DA}.Release|Mixed Platforms.ActiveCfg = Release|Any CPU
		{3C50786E-79D9-458E-8ECB-E634436594DA}.Release|Mixed Platforms.Build.0 = Release|Any CPU
		{3C50786E-79D9-458E-8ECB-E634436594DA}.Release|x86.ActiveCfg = Release|Any CPU
		{76DEE875-9464-4B94-A1D3-1D2521797D98}.Debug|Any CPU.ActiveCfg = Debug|Any CPU
		{76DEE875-9464-4B94-A1D3-1D2521797D98}.Debug|Any CPU.Build.0 = Debug|Any CPU
		{76DEE875-9464-4B94-A1D3-1D2521797D98}.Debug|Mixed Platforms.ActiveCfg = Debug|Any CPU
		{76DEE875-9464-4B94-A1D3-1D2521797D98}.Debug|Mixed Platforms.Build.0 = Debug|Any CPU
		{76DEE875-9464-4B94-A1D3-1D2521797D98}.Debug|x86.ActiveCfg = Debug|Any CPU
		{76DEE875-9464-4B94-A1D3-1D2521797D98}.Release|Any CPU.ActiveCfg = Release|Any CPU
		{76DEE875-9464-4B94-A1D3-1D2521797D98}.Release|Any CPU.Build.0 = Release|Any CPU
		{76DEE875-9464-4B94-A1D3-1D2521797D98}.Release|Mixed Platforms.ActiveCfg = Release|Any CPU
		{76DEE875-9464-4B94-A1D3-1D2521797D98}.Release|Mixed Platforms.Build.0 = Release|Any CPU
		{76DEE875-9464-4B94-A1D3-1D2521797D98}.Release|x86.ActiveCfg = Release|Any CPU
		{D643ECF1-C831-4E4F-800D-7E090171D573}.Debug|Any CPU.ActiveCfg = Debug|Any CPU
		{D643ECF1-C831-4E4F-800D-7E090171D573}.Debug|Any CPU.Build.0 = Debug|Any CPU
		{D643ECF1-C831-4E4F-800D-7E090171D573}.Debug|Mixed Platforms.ActiveCfg = Debug|Any CPU
		{D643ECF1-C831-4E4F-800D-7E090171D573}.Debug|Mixed Platforms.Build.0 = Debug|Any CPU
		{D643ECF1-C831-4E4F-800D-7E090171D573}.Debug|x86.ActiveCfg = Debug|Any CPU
		{D643ECF1-C831-4E4F-800D-7E090171D573}.Release|Any CPU.ActiveCfg = Release|Any CPU
		{D643ECF1-C831-4E4F-800D-7E090171D573}.Release|Any CPU.Build.0 = Release|Any CPU
		{D643ECF1-C831-4E4F-800D-7E090171D573}.Release|Mixed Platforms.ActiveCfg = Release|Any CPU
		{D643ECF1-C831-4E4F-800D-7E090171D573}.Release|Mixed Platforms.Build.0 = Release|Any CPU
		{D643ECF1-C831-4E4F-800D-7E090171D573}.Release|x86.ActiveCfg = Release|Any CPU
		{650F7411-FC66-422B-89AF-3AB86D3CEA63}.Debug|Any CPU.ActiveCfg = Debug|Any CPU
		{650F7411-FC66-422B-89AF-3AB86D3CEA63}.Debug|Any CPU.Build.0 = Debug|Any CPU
		{650F7411-FC66-422B-89AF-3AB86D3CEA63}.Debug|Mixed Platforms.ActiveCfg = Debug|Any CPU
		{650F7411-FC66-422B-89AF-3AB86D3CEA63}.Debug|Mixed Platforms.Build.0 = Debug|Any CPU
		{650F7411-FC66-422B-89AF-3AB86D3CEA63}.Debug|x86.ActiveCfg = Debug|Any CPU
		{650F7411-FC66-422B-89AF-3AB86D3CEA63}.Release|Any CPU.ActiveCfg = Release|Any CPU
		{650F7411-FC66-422B-89AF-3AB86D3CEA63}.Release|Any CPU.Build.0 = Release|Any CPU
		{650F7411-FC66-422B-89AF-3AB86D3CEA63}.Release|Mixed Platforms.ActiveCfg = Release|Any CPU
		{650F7411-FC66-422B-89AF-3AB86D3CEA63}.Release|Mixed Platforms.Build.0 = Release|Any CPU
		{650F7411-FC66-422B-89AF-3AB86D3CEA63}.Release|x86.ActiveCfg = Release|Any CPU
		{A45594DC-58E4-45A4-8E3A-270B6AB9BF17}.Debug|Any CPU.ActiveCfg = Debug|x86
		{A45594DC-58E4-45A4-8E3A-270B6AB9BF17}.Debug|Mixed Platforms.ActiveCfg = Debug|x86
		{A45594DC-58E4-45A4-8E3A-270B6AB9BF17}.Debug|Mixed Platforms.Build.0 = Debug|x86
		{A45594DC-58E4-45A4-8E3A-270B6AB9BF17}.Debug|x86.ActiveCfg = Debug|x86
		{A45594DC-58E4-45A4-8E3A-270B6AB9BF17}.Debug|x86.Build.0 = Debug|x86
		{A45594DC-58E4-45A4-8E3A-270B6AB9BF17}.Release|Any CPU.ActiveCfg = Release|x86
		{A45594DC-58E4-45A4-8E3A-270B6AB9BF17}.Release|Mixed Platforms.ActiveCfg = Release|x86
		{A45594DC-58E4-45A4-8E3A-270B6AB9BF17}.Release|Mixed Platforms.Build.0 = Release|x86
		{A45594DC-58E4-45A4-8E3A-270B6AB9BF17}.Release|x86.ActiveCfg = Release|x86
		{A45594DC-58E4-45A4-8E3A-270B6AB9BF17}.Release|x86.Build.0 = Release|x86
		{C70ED0CC-959B-446D-B365-6841FED12C61}.Debug|Any CPU.ActiveCfg = Debug|x86
		{C70ED0CC-959B-446D-B365-6841FED12C61}.Debug|Mixed Platforms.ActiveCfg = Debug|x86
		{C70ED0CC-959B-446D-B365-6841FED12C61}.Debug|Mixed Platforms.Build.0 = Debug|x86
		{C70ED0CC-959B-446D-B365-6841FED12C61}.Debug|x86.ActiveCfg = Debug|x86
		{C70ED0CC-959B-446D-B365-6841FED12C61}.Debug|x86.Build.0 = Debug|x86
		{C70ED0CC-959B-446D-B365-6841FED12C61}.Release|Any CPU.ActiveCfg = Release|x86
		{C70ED0CC-959B-446D-B365-6841FED12C61}.Release|Mixed Platforms.ActiveCfg = Release|x86
		{C70ED0CC-959B-446D-B365-6841FED12C61}.Release|Mixed Platforms.Build.0 = Release|x86
		{C70ED0CC-959B-446D-B365-6841FED12C61}.Release|x86.ActiveCfg = Release|x86
		{C70ED0CC-959B-446D-B365-6841FED12C61}.Release|x86.Build.0 = Release|x86
		{755D1DE0-C154-45C4-893D-08E6862855E0}.Debug|Any CPU.ActiveCfg = Debug|Any CPU
		{755D1DE0-C154-45C4-893D-08E6862855E0}.Debug|Any CPU.Build.0 = Debug|Any CPU
		{755D1DE0-C154-45C4-893D-08E6862855E0}.Debug|Mixed Platforms.ActiveCfg = Debug|Any CPU
		{755D1DE0-C154-45C4-893D-08E6862855E0}.Debug|Mixed Platforms.Build.0 = Debug|Any CPU
		{755D1DE0-C154-45C4-893D-08E6862855E0}.Debug|x86.ActiveCfg = Debug|Any CPU
		{755D1DE0-C154-45C4-893D-08E6862855E0}.Release|Any CPU.ActiveCfg = Release|Any CPU
		{755D1DE0-C154-45C4-893D-08E6862855E0}.Release|Any CPU.Build.0 = Release|Any CPU
		{755D1DE0-C154-45C4-893D-08E6862855E0}.Release|Mixed Platforms.ActiveCfg = Release|Any CPU
		{755D1DE0-C154-45C4-893D-08E6862855E0}.Release|Mixed Platforms.Build.0 = Release|Any CPU
		{755D1DE0-C154-45C4-893D-08E6862855E0}.Release|x86.ActiveCfg = Release|Any CPU
		{6850A196-3CC3-4FC0-9740-A1EB5EEEF572}.Debug|Any CPU.ActiveCfg = Debug|Any CPU
		{6850A196-3CC3-4FC0-9740-A1EB5EEEF572}.Debug|Any CPU.Build.0 = Debug|Any CPU
		{6850A196-3CC3-4FC0-9740-A1EB5EEEF572}.Debug|Mixed Platforms.ActiveCfg = Debug|Any CPU
		{6850A196-3CC3-4FC0-9740-A1EB5EEEF572}.Debug|Mixed Platforms.Build.0 = Debug|Any CPU
		{6850A196-3CC3-4FC0-9740-A1EB5EEEF572}.Debug|x86.ActiveCfg = Debug|Any CPU
		{6850A196-3CC3-4FC0-9740-A1EB5EEEF572}.Release|Any CPU.ActiveCfg = Release|Any CPU
		{6850A196-3CC3-4FC0-9740-A1EB5EEEF572}.Release|Any CPU.Build.0 = Release|Any CPU
		{6850A196-3CC3-4FC0-9740-A1EB5EEEF572}.Release|Mixed Platforms.ActiveCfg = Release|Any CPU
		{6850A196-3CC3-4FC0-9740-A1EB5EEEF572}.Release|Mixed Platforms.Build.0 = Release|Any CPU
		{6850A196-3CC3-4FC0-9740-A1EB5EEEF572}.Release|x86.ActiveCfg = Release|Any CPU
	EndGlobalSection
	GlobalSection(SolutionProperties) = preSolution
		HideSolutionNode = FALSE
	EndGlobalSection
	GlobalSection(NestedProjects) = preSolution
		{80EDEC1B-C6D9-4443-B7AA-8E500F668353} = {2E975E83-39FF-4F27-A874-5E10AD9FC1F9}
		{3C50786E-79D9-458E-8ECB-E634436594DA} = {2E975E83-39FF-4F27-A874-5E10AD9FC1F9}
		{D643ECF1-C831-4E4F-800D-7E090171D573} = {2E975E83-39FF-4F27-A874-5E10AD9FC1F9}
		{650F7411-FC66-422B-89AF-3AB86D3CEA63} = {2E975E83-39FF-4F27-A874-5E10AD9FC1F9}
		{76DEE875-9464-4B94-A1D3-1D2521797D98} = {82AFEFAB-4109-474A-A114-66AF8505F564}
		{C70ED0CC-959B-446D-B365-6841FED12C61} = {82AFEFAB-4109-474A-A114-66AF8505F564}
		{42AE5D87-DEC3-4E1A-A4ED-329ED5DD842B} = {6B3CEDF7-7692-489D-A1AA-6EB36CA896F6}
		{27A17028-1A46-43E9-B22B-A34BE3DACC4C} = {6B3CEDF7-7692-489D-A1AA-6EB36CA896F6}
		{CFA74F34-1662-44D6-80D2-75B09B1D8B02} = {6B3CEDF7-7692-489D-A1AA-6EB36CA896F6}
		{8C77809B-F2F0-4705-9231-F9A6D8B32F4C} = {6B3CEDF7-7692-489D-A1AA-6EB36CA896F6}
		{B973DC50-8262-4D0F-B7A6-48A23957DE6E} = {6B3CEDF7-7692-489D-A1AA-6EB36CA896F6}
		{A45594DC-58E4-45A4-8E3A-270B6AB9BF17} = {461CF205-768C-424E-9A61-EAB5A167BA4F}
		{DE6C5B87-251B-438E-875C-91AA11395B0F} = {77EF785B-C026-483D-B315-8D9F0EF76017}
		{6D04A8EE-1AD9-46AE-9E1D-D4728F9F2DFB} = {DE6C5B87-251B-438E-875C-91AA11395B0F}
		{EBD384E6-A9F3-46D5-A36C-52C559A7EE52} = {DE6C5B87-251B-438E-875C-91AA11395B0F}
		{126C003C-6B8D-4852-9808-7FC7ED66E887} = {EBD384E6-A9F3-46D5-A36C-52C559A7EE52}
		{3D4D045F-ECC7-4D1C-8947-1BEB412FC490} = {EBD384E6-A9F3-46D5-A36C-52C559A7EE52}
		{D5E4D94F-FC97-4615-A730-2E4B0CE194CA} = {126C003C-6B8D-4852-9808-7FC7ED66E887}
		{15F191EC-5DF6-492A-9CF5-45ED23CFD3A5} = {D5E4D94F-FC97-4615-A730-2E4B0CE194CA}
		{AC667065-2D4B-46C8-9016-D2B56C5C98C7} = {3D4D045F-ECC7-4D1C-8947-1BEB412FC490}
		{19CE42F7-B606-4E7F-9244-B02503EC2EC2} = {3D4D045F-ECC7-4D1C-8947-1BEB412FC490}
		{CA166735-E457-478A-871D-CD48965CFECF} = {AC667065-2D4B-46C8-9016-D2B56C5C98C7}
		{4185BBFC-CEC4-4863-8079-DA194663F41C} = {19CE42F7-B606-4E7F-9244-B02503EC2EC2}
		{82E2626E-1969-49E7-93DA-9B8DF0DBEF65} = {19CE42F7-B606-4E7F-9244-B02503EC2EC2}
		{FB91623B-9E64-432D-BAEF-78A4C4DEA85D} = {19CE42F7-B606-4E7F-9244-B02503EC2EC2}
		{755D1DE0-C154-45C4-893D-08E6862855E0} = {2AE5084A-A202-470A-9E6E-77D8F1BD6CC2}
		{6850A196-3CC3-4FC0-9740-A1EB5EEEF572} = {43B5DB85-36C8-4BB5-80C2-242DF866FA9B}
	EndGlobalSection
EndGlobal
